// !$*UTF8*$!
{
	archiveVersion = 1;
	classes = {
	};
	objectVersion = 50;
	objects = {

/* Begin PBXBuildFile section */
		3A2D4C04B7AC450DF497A480 /* Pods_RealmTasksTutorial.framework in Frameworks */ = {isa = PBXBuildFile; fileRef = 5A94485217AA0CFB13E4D6FA /* Pods_RealmTasksTutorial.framework */; };
		74B620EFBCE8913D6D877AAE /* Pods_RealmTasksTutorialTests.framework in Frameworks */ = {isa = PBXBuildFile; fileRef = 3495ABE7B8B522F15D468B1A /* Pods_RealmTasksTutorialTests.framework */; };
		78C3BD002275AEBB004CBC3E /* AppDelegate.swift in Sources */ = {isa = PBXBuildFile; fileRef = 78C3BCFF2275AEBB004CBC3E /* AppDelegate.swift */; };
		78C3BD022275AEBB004CBC3E /* ViewController.swift in Sources */ = {isa = PBXBuildFile; fileRef = 78C3BD012275AEBB004CBC3E /* ViewController.swift */; };
		78C3BD072275AEBC004CBC3E /* Assets.xcassets in Resources */ = {isa = PBXBuildFile; fileRef = 78C3BD062275AEBC004CBC3E /* Assets.xcassets */; };
		78C3BD0A2275AEBC004CBC3E /* LaunchScreen.storyboard in Resources */ = {isa = PBXBuildFile; fileRef = 78C3BD082275AEBC004CBC3E /* LaunchScreen.storyboard */; };
		78C3BD152275AEBC004CBC3E /* RealmTasksTutorialTests.swift in Sources */ = {isa = PBXBuildFile; fileRef = 78C3BD142275AEBC004CBC3E /* RealmTasksTutorialTests.swift */; };
/* End PBXBuildFile section */

/* Begin PBXContainerItemProxy section */
		78C3BD112275AEBC004CBC3E /* PBXContainerItemProxy */ = {
			isa = PBXContainerItemProxy;
			containerPortal = 78C3BCF42275AEBB004CBC3E /* Project object */;
			proxyType = 1;
			remoteGlobalIDString = 78C3BCFB2275AEBB004CBC3E;
			remoteInfo = RealmTasksTutorial;
		};
/* End PBXContainerItemProxy section */

/* Begin PBXFileReference section */
		1DF104EEE61828A09F455877 /* Pods-RealmTasksTutorial.debug.xcconfig */ = {isa = PBXFileReference; includeInIndex = 1; lastKnownFileType = text.xcconfig; name = "Pods-RealmTasksTutorial.debug.xcconfig"; path = "Target Support Files/Pods-RealmTasksTutorial/Pods-RealmTasksTutorial.debug.xcconfig"; sourceTree = "<group>"; };
		3495ABE7B8B522F15D468B1A /* Pods_RealmTasksTutorialTests.framework */ = {isa = PBXFileReference; explicitFileType = wrapper.framework; includeInIndex = 0; path = Pods_RealmTasksTutorialTests.framework; sourceTree = BUILT_PRODUCTS_DIR; };
		5A94485217AA0CFB13E4D6FA /* Pods_RealmTasksTutorial.framework */ = {isa = PBXFileReference; explicitFileType = wrapper.framework; includeInIndex = 0; path = Pods_RealmTasksTutorial.framework; sourceTree = BUILT_PRODUCTS_DIR; };
		78C3BCFC2275AEBB004CBC3E /* RealmTasksTutorial.app */ = {isa = PBXFileReference; explicitFileType = wrapper.application; includeInIndex = 0; path = RealmTasksTutorial.app; sourceTree = BUILT_PRODUCTS_DIR; };
		78C3BCFF2275AEBB004CBC3E /* AppDelegate.swift */ = {isa = PBXFileReference; lastKnownFileType = sourcecode.swift; path = AppDelegate.swift; sourceTree = "<group>"; };
		78C3BD012275AEBB004CBC3E /* ViewController.swift */ = {isa = PBXFileReference; lastKnownFileType = sourcecode.swift; path = ViewController.swift; sourceTree = "<group>"; };
		78C3BD062275AEBC004CBC3E /* Assets.xcassets */ = {isa = PBXFileReference; lastKnownFileType = folder.assetcatalog; path = Assets.xcassets; sourceTree = "<group>"; };
		78C3BD092275AEBC004CBC3E /* Base */ = {isa = PBXFileReference; lastKnownFileType = file.storyboard; name = Base; path = Base.lproj/LaunchScreen.storyboard; sourceTree = "<group>"; };
		78C3BD0B2275AEBC004CBC3E /* Info.plist */ = {isa = PBXFileReference; lastKnownFileType = text.plist.xml; path = Info.plist; sourceTree = "<group>"; };
		78C3BD102275AEBC004CBC3E /* RealmTasksTutorialTests.xctest */ = {isa = PBXFileReference; explicitFileType = wrapper.cfbundle; includeInIndex = 0; path = RealmTasksTutorialTests.xctest; sourceTree = BUILT_PRODUCTS_DIR; };
		78C3BD142275AEBC004CBC3E /* RealmTasksTutorialTests.swift */ = {isa = PBXFileReference; lastKnownFileType = sourcecode.swift; path = RealmTasksTutorialTests.swift; sourceTree = "<group>"; };
		78C3BD162275AEBC004CBC3E /* Info.plist */ = {isa = PBXFileReference; lastKnownFileType = text.plist.xml; path = Info.plist; sourceTree = "<group>"; };
		78C3BD1F2275B0B9004CBC3E /* RealmTasksTutorial.entitlements */ = {isa = PBXFileReference; lastKnownFileType = text.plist.entitlements; path = RealmTasksTutorial.entitlements; sourceTree = "<group>"; };
		CABD924F5EF7300B48812F1B /* Pods-RealmTasksTutorial.release.xcconfig */ = {isa = PBXFileReference; includeInIndex = 1; lastKnownFileType = text.xcconfig; name = "Pods-RealmTasksTutorial.release.xcconfig"; path = "Target Support Files/Pods-RealmTasksTutorial/Pods-RealmTasksTutorial.release.xcconfig"; sourceTree = "<group>"; };
		E401D03A847531AE122BA311 /* Pods-RealmTasksTutorialTests.debug.xcconfig */ = {isa = PBXFileReference; includeInIndex = 1; lastKnownFileType = text.xcconfig; name = "Pods-RealmTasksTutorialTests.debug.xcconfig"; path = "Target Support Files/Pods-RealmTasksTutorialTests/Pods-RealmTasksTutorialTests.debug.xcconfig"; sourceTree = "<group>"; };
		FFB2A5284EAEB0894E4F6A79 /* Pods-RealmTasksTutorialTests.release.xcconfig */ = {isa = PBXFileReference; includeInIndex = 1; lastKnownFileType = text.xcconfig; name = "Pods-RealmTasksTutorialTests.release.xcconfig"; path = "Target Support Files/Pods-RealmTasksTutorialTests/Pods-RealmTasksTutorialTests.release.xcconfig"; sourceTree = "<group>"; };
/* End PBXFileReference section */

/* Begin PBXFrameworksBuildPhase section */
		78C3BCF92275AEBB004CBC3E /* Frameworks */ = {
			isa = PBXFrameworksBuildPhase;
			buildActionMask = 2147483647;
			files = (
				3A2D4C04B7AC450DF497A480 /* Pods_RealmTasksTutorial.framework in Frameworks */,
			);
			runOnlyForDeploymentPostprocessing = 0;
		};
		78C3BD0D2275AEBC004CBC3E /* Frameworks */ = {
			isa = PBXFrameworksBuildPhase;
			buildActionMask = 2147483647;
			files = (
				74B620EFBCE8913D6D877AAE /* Pods_RealmTasksTutorialTests.framework in Frameworks */,
			);
			runOnlyForDeploymentPostprocessing = 0;
		};
/* End PBXFrameworksBuildPhase section */

/* Begin PBXGroup section */
		1EAAA9768D76ECD5ED040170 /* Frameworks */ = {
			isa = PBXGroup;
			children = (
				5A94485217AA0CFB13E4D6FA /* Pods_RealmTasksTutorial.framework */,
				3495ABE7B8B522F15D468B1A /* Pods_RealmTasksTutorialTests.framework */,
			);
			name = Frameworks;
			sourceTree = "<group>";
		};
		78C3BCF32275AEBB004CBC3E = {
			isa = PBXGroup;
			children = (
				78C3BCFE2275AEBB004CBC3E /* RealmTasksTutorial */,
				78C3BD132275AEBC004CBC3E /* RealmTasksTutorialTests */,
				78C3BCFD2275AEBB004CBC3E /* Products */,
				EA77E82324C7C6E3174EDD58 /* Pods */,
				1EAAA9768D76ECD5ED040170 /* Frameworks */,
			);
			sourceTree = "<group>";
		};
		78C3BCFD2275AEBB004CBC3E /* Products */ = {
			isa = PBXGroup;
			children = (
				78C3BCFC2275AEBB004CBC3E /* RealmTasksTutorial.app */,
				78C3BD102275AEBC004CBC3E /* RealmTasksTutorialTests.xctest */,
			);
			name = Products;
			sourceTree = "<group>";
		};
		78C3BCFE2275AEBB004CBC3E /* RealmTasksTutorial */ = {
			isa = PBXGroup;
			children = (
				78C3BD1F2275B0B9004CBC3E /* RealmTasksTutorial.entitlements */,
				78C3BCFF2275AEBB004CBC3E /* AppDelegate.swift */,
				78C3BD012275AEBB004CBC3E /* ViewController.swift */,
				78C3BD062275AEBC004CBC3E /* Assets.xcassets */,
				78C3BD082275AEBC004CBC3E /* LaunchScreen.storyboard */,
				78C3BD0B2275AEBC004CBC3E /* Info.plist */,
			);
			path = RealmTasksTutorial;
			sourceTree = "<group>";
		};
		78C3BD132275AEBC004CBC3E /* RealmTasksTutorialTests */ = {
			isa = PBXGroup;
			children = (
				78C3BD142275AEBC004CBC3E /* RealmTasksTutorialTests.swift */,
				78C3BD162275AEBC004CBC3E /* Info.plist */,
			);
			path = RealmTasksTutorialTests;
			sourceTree = "<group>";
		};
		EA77E82324C7C6E3174EDD58 /* Pods */ = {
			isa = PBXGroup;
			children = (
				1DF104EEE61828A09F455877 /* Pods-RealmTasksTutorial.debug.xcconfig */,
				CABD924F5EF7300B48812F1B /* Pods-RealmTasksTutorial.release.xcconfig */,
				E401D03A847531AE122BA311 /* Pods-RealmTasksTutorialTests.debug.xcconfig */,
				FFB2A5284EAEB0894E4F6A79 /* Pods-RealmTasksTutorialTests.release.xcconfig */,
			);
			path = Pods;
			sourceTree = "<group>";
		};
/* End PBXGroup section */

/* Begin PBXNativeTarget section */
		78C3BCFB2275AEBB004CBC3E /* RealmTasksTutorial */ = {
			isa = PBXNativeTarget;
			buildConfigurationList = 78C3BD192275AEBC004CBC3E /* Build configuration list for PBXNativeTarget "RealmTasksTutorial" */;
			buildPhases = (
				EC922C68EACB92E168F57FF3 /* [CP] Check Pods Manifest.lock */,
				78C3BCF82275AEBB004CBC3E /* Sources */,
				78C3BCF92275AEBB004CBC3E /* Frameworks */,
				78C3BCFA2275AEBB004CBC3E /* Resources */,
				EC0336AD0E0F6B54477A14F1 /* [CP] Embed Pods Frameworks */,
			);
			buildRules = (
			);
			dependencies = (
			);
			name = RealmTasksTutorial;
			productName = RealmTasksTutorial;
			productReference = 78C3BCFC2275AEBB004CBC3E /* RealmTasksTutorial.app */;
			productType = "com.apple.product-type.application";
		};
		78C3BD0F2275AEBC004CBC3E /* RealmTasksTutorialTests */ = {
			isa = PBXNativeTarget;
			buildConfigurationList = 78C3BD1C2275AEBC004CBC3E /* Build configuration list for PBXNativeTarget "RealmTasksTutorialTests" */;
			buildPhases = (
				DEC80D68D93764B121ABECB6 /* [CP] Check Pods Manifest.lock */,
				78C3BD0C2275AEBC004CBC3E /* Sources */,
				78C3BD0D2275AEBC004CBC3E /* Frameworks */,
				78C3BD0E2275AEBC004CBC3E /* Resources */,
			);
			buildRules = (
			);
			dependencies = (
				78C3BD122275AEBC004CBC3E /* PBXTargetDependency */,
			);
			name = RealmTasksTutorialTests;
			productName = RealmTasksTutorialTests;
			productReference = 78C3BD102275AEBC004CBC3E /* RealmTasksTutorialTests.xctest */;
			productType = "com.apple.product-type.bundle.unit-test";
		};
/* End PBXNativeTarget section */

/* Begin PBXProject section */
		78C3BCF42275AEBB004CBC3E /* Project object */ = {
			isa = PBXProject;
			attributes = {
				LastSwiftUpdateCheck = 1020;
				LastUpgradeCheck = 1020;
				ORGANIZATIONNAME = seohui;
				TargetAttributes = {
					78C3BCFB2275AEBB004CBC3E = {
						CreatedOnToolsVersion = 10.2.1;
						SystemCapabilities = {
							com.apple.Keychain = {
								enabled = 1;
							};
						};
					};
					78C3BD0F2275AEBC004CBC3E = {
						CreatedOnToolsVersion = 10.2.1;
						TestTargetID = 78C3BCFB2275AEBB004CBC3E;
					};
				};
			};
			buildConfigurationList = 78C3BCF72275AEBB004CBC3E /* Build configuration list for PBXProject "RealmTasksTutorial" */;
			compatibilityVersion = "Xcode 9.3";
			developmentRegion = en;
			hasScannedForEncodings = 0;
			knownRegions = (
				en,
				Base,
			);
			mainGroup = 78C3BCF32275AEBB004CBC3E;
			productRefGroup = 78C3BCFD2275AEBB004CBC3E /* Products */;
			projectDirPath = "";
			projectRoot = "";
			targets = (
				78C3BCFB2275AEBB004CBC3E /* RealmTasksTutorial */,
				78C3BD0F2275AEBC004CBC3E /* RealmTasksTutorialTests */,
			);
		};
/* End PBXProject section */

/* Begin PBXResourcesBuildPhase section */
		78C3BCFA2275AEBB004CBC3E /* Resources */ = {
			isa = PBXResourcesBuildPhase;
			buildActionMask = 2147483647;
			files = (
				78C3BD0A2275AEBC004CBC3E /* LaunchScreen.storyboard in Resources */,
				78C3BD072275AEBC004CBC3E /* Assets.xcassets in Resources */,
			);
			runOnlyForDeploymentPostprocessing = 0;
		};
		78C3BD0E2275AEBC004CBC3E /* Resources */ = {
			isa = PBXResourcesBuildPhase;
			buildActionMask = 2147483647;
			files = (
			);
			runOnlyForDeploymentPostprocessing = 0;
		};
/* End PBXResourcesBuildPhase section */

/* Begin PBXShellScriptBuildPhase section */
		DEC80D68D93764B121ABECB6 /* [CP] Check Pods Manifest.lock */ = {
			isa = PBXShellScriptBuildPhase;
			buildActionMask = 2147483647;
			files = (
			);
			inputFileListPaths = (
			);
			inputPaths = (
				"${PODS_PODFILE_DIR_PATH}/Podfile.lock",
				"${PODS_ROOT}/Manifest.lock",
			);
			name = "[CP] Check Pods Manifest.lock";
			outputFileListPaths = (
			);
			outputPaths = (
				"$(DERIVED_FILE_DIR)/Pods-RealmTasksTutorialTests-checkManifestLockResult.txt",
			);
			runOnlyForDeploymentPostprocessing = 0;
			shellPath = /bin/sh;
			shellScript = "diff \"${PODS_PODFILE_DIR_PATH}/Podfile.lock\" \"${PODS_ROOT}/Manifest.lock\" > /dev/null\nif [ $? != 0 ] ; then\n    # print error to STDERR\n    echo \"error: The sandbox is not in sync with the Podfile.lock. Run 'pod install' or update your CocoaPods installation.\" >&2\n    exit 1\nfi\n# This output is used by Xcode 'outputs' to avoid re-running this script phase.\necho \"SUCCESS\" > \"${SCRIPT_OUTPUT_FILE_0}\"\n";
			showEnvVarsInLog = 0;
		};
		EC0336AD0E0F6B54477A14F1 /* [CP] Embed Pods Frameworks */ = {
			isa = PBXShellScriptBuildPhase;
			buildActionMask = 2147483647;
			files = (
			);
			inputFileListPaths = (
			);
			inputPaths = (
				"${PODS_ROOT}/Target Support Files/Pods-RealmTasksTutorial/Pods-RealmTasksTutorial-frameworks.sh",
				"${BUILT_PRODUCTS_DIR}/Realm/Realm.framework",
				"${BUILT_PRODUCTS_DIR}/RealmSwift/RealmSwift.framework",
			);
			name = "[CP] Embed Pods Frameworks";
			outputFileListPaths = (
			);
			outputPaths = (
				"${TARGET_BUILD_DIR}/${FRAMEWORKS_FOLDER_PATH}/Realm.framework",
				"${TARGET_BUILD_DIR}/${FRAMEWORKS_FOLDER_PATH}/RealmSwift.framework",
			);
			runOnlyForDeploymentPostprocessing = 0;
			shellPath = /bin/sh;
			shellScript = "\"${PODS_ROOT}/Target Support Files/Pods-RealmTasksTutorial/Pods-RealmTasksTutorial-frameworks.sh\"\n";
			showEnvVarsInLog = 0;
		};
		EC922C68EACB92E168F57FF3 /* [CP] Check Pods Manifest.lock */ = {
			isa = PBXShellScriptBuildPhase;
			buildActionMask = 2147483647;
			files = (
			);
			inputFileListPaths = (
			);
			inputPaths = (
				"${PODS_PODFILE_DIR_PATH}/Podfile.lock",
				"${PODS_ROOT}/Manifest.lock",
			);
			name = "[CP] Check Pods Manifest.lock";
			outputFileListPaths = (
			);
			outputPaths = (
				"$(DERIVED_FILE_DIR)/Pods-RealmTasksTutorial-checkManifestLockResult.txt",
			);
			runOnlyForDeploymentPostprocessing = 0;
			shellPath = /bin/sh;
			shellScript = "diff \"${PODS_PODFILE_DIR_PATH}/Podfile.lock\" \"${PODS_ROOT}/Manifest.lock\" > /dev/null\nif [ $? != 0 ] ; then\n    # print error to STDERR\n    echo \"error: The sandbox is not in sync with the Podfile.lock. Run 'pod install' or update your CocoaPods installation.\" >&2\n    exit 1\nfi\n# This output is used by Xcode 'outputs' to avoid re-running this script phase.\necho \"SUCCESS\" > \"${SCRIPT_OUTPUT_FILE_0}\"\n";
			showEnvVarsInLog = 0;
		};
/* End PBXShellScriptBuildPhase section */

/* Begin PBXSourcesBuildPhase section */
		78C3BCF82275AEBB004CBC3E /* Sources */ = {
			isa = PBXSourcesBuildPhase;
			buildActionMask = 2147483647;
			files = (
				78C3BD022275AEBB004CBC3E /* ViewController.swift in Sources */,
				78C3BD002275AEBB004CBC3E /* AppDelegate.swift in Sources */,
			);
			runOnlyForDeploymentPostprocessing = 0;
		};
		78C3BD0C2275AEBC004CBC3E /* Sources */ = {
			isa = PBXSourcesBuildPhase;
			buildActionMask = 2147483647;
			files = (
				78C3BD152275AEBC004CBC3E /* RealmTasksTutorialTests.swift in Sources */,
			);
			runOnlyForDeploymentPostprocessing = 0;
		};
/* End PBXSourcesBuildPhase section */

/* Begin PBXTargetDependency section */
		78C3BD122275AEBC004CBC3E /* PBXTargetDependency */ = {
			isa = PBXTargetDependency;
			target = 78C3BCFB2275AEBB004CBC3E /* RealmTasksTutorial */;
			targetProxy = 78C3BD112275AEBC004CBC3E /* PBXContainerItemProxy */;
		};
/* End PBXTargetDependency section */

/* Begin PBXVariantGroup section */
		78C3BD082275AEBC004CBC3E /* LaunchScreen.storyboard */ = {
			isa = PBXVariantGroup;
			children = (
				78C3BD092275AEBC004CBC3E /* Base */,
			);
			name = LaunchScreen.storyboard;
			sourceTree = "<group>";
		};
/* End PBXVariantGroup section */

/* Begin XCBuildConfiguration section */
		78C3BD172275AEBC004CBC3E /* Debug */ = {
			isa = XCBuildConfiguration;
			buildSettings = {
				ALWAYS_SEARCH_USER_PATHS = NO;
				CLANG_ANALYZER_NONNULL = YES;
				CLANG_ANALYZER_NUMBER_OBJECT_CONVERSION = YES_AGGRESSIVE;
				CLANG_CXX_LANGUAGE_STANDARD = "gnu++14";
				CLANG_CXX_LIBRARY = "libc++";
				CLANG_ENABLE_MODULES = YES;
				CLANG_ENABLE_OBJC_ARC = YES;
				CLANG_ENABLE_OBJC_WEAK = YES;
				CLANG_WARN_BLOCK_CAPTURE_AUTORELEASING = YES;
				CLANG_WARN_BOOL_CONVERSION = YES;
				CLANG_WARN_COMMA = YES;
				CLANG_WARN_CONSTANT_CONVERSION = YES;
				CLANG_WARN_DEPRECATED_OBJC_IMPLEMENTATIONS = YES;
				CLANG_WARN_DIRECT_OBJC_ISA_USAGE = YES_ERROR;
				CLANG_WARN_DOCUMENTATION_COMMENTS = YES;
				CLANG_WARN_EMPTY_BODY = YES;
				CLANG_WARN_ENUM_CONVERSION = YES;
				CLANG_WARN_INFINITE_RECURSION = YES;
				CLANG_WARN_INT_CONVERSION = YES;
				CLANG_WARN_NON_LITERAL_NULL_CONVERSION = YES;
				CLANG_WARN_OBJC_IMPLICIT_RETAIN_SELF = YES;
				CLANG_WARN_OBJC_LITERAL_CONVERSION = YES;
				CLANG_WARN_OBJC_ROOT_CLASS = YES_ERROR;
				CLANG_WARN_RANGE_LOOP_ANALYSIS = YES;
				CLANG_WARN_STRICT_PROTOTYPES = YES;
				CLANG_WARN_SUSPICIOUS_MOVE = YES;
				CLANG_WARN_UNGUARDED_AVAILABILITY = YES_AGGRESSIVE;
				CLANG_WARN_UNREACHABLE_CODE = YES;
				CLANG_WARN__DUPLICATE_METHOD_MATCH = YES;
				CODE_SIGN_IDENTITY = "iPhone Developer";
				COPY_PHASE_STRIP = NO;
				DEBUG_INFORMATION_FORMAT = dwarf;
				ENABLE_STRICT_OBJC_MSGSEND = YES;
				ENABLE_TESTABILITY = YES;
				GCC_C_LANGUAGE_STANDARD = gnu11;
				GCC_DYNAMIC_NO_PIC = NO;
				GCC_NO_COMMON_BLOCKS = YES;
				GCC_OPTIMIZATION_LEVEL = 0;
				GCC_PREPROCESSOR_DEFINITIONS = (
					"DEBUG=1",
					"$(inherited)",
				);
				GCC_WARN_64_TO_32_BIT_CONVERSION = YES;
				GCC_WARN_ABOUT_RETURN_TYPE = YES_ERROR;
				GCC_WARN_UNDECLARED_SELECTOR = YES;
				GCC_WARN_UNINITIALIZED_AUTOS = YES_AGGRESSIVE;
				GCC_WARN_UNUSED_FUNCTION = YES;
				GCC_WARN_UNUSED_VARIABLE = YES;
				IPHONEOS_DEPLOYMENT_TARGET = 12.2;
				MTL_ENABLE_DEBUG_INFO = INCLUDE_SOURCE;
				MTL_FAST_MATH = YES;
				ONLY_ACTIVE_ARCH = YES;
				SDKROOT = iphoneos;
				SWIFT_ACTIVE_COMPILATION_CONDITIONS = DEBUG;
				SWIFT_OPTIMIZATION_LEVEL = "-Onone";
			};
			name = Debug;
		};
		78C3BD182275AEBC004CBC3E /* Release */ = {
			isa = XCBuildConfiguration;
			buildSettings = {
				ALWAYS_SEARCH_USER_PATHS = NO;
				CLANG_ANALYZER_NONNULL = YES;
				CLANG_ANALYZER_NUMBER_OBJECT_CONVERSION = YES_AGGRESSIVE;
				CLANG_CXX_LANGUAGE_STANDARD = "gnu++14";
				CLANG_CXX_LIBRARY = "libc++";
				CLANG_ENABLE_MODULES = YES;
				CLANG_ENABLE_OBJC_ARC = YES;
				CLANG_ENABLE_OBJC_WEAK = YES;
				CLANG_WARN_BLOCK_CAPTURE_AUTORELEASING = YES;
				CLANG_WARN_BOOL_CONVERSION = YES;
				CLANG_WARN_COMMA = YES;
				CLANG_WARN_CONSTANT_CONVERSION = YES;
				CLANG_WARN_DEPRECATED_OBJC_IMPLEMENTATIONS = YES;
				CLANG_WARN_DIRECT_OBJC_ISA_USAGE = YES_ERROR;
				CLANG_WARN_DOCUMENTATION_COMMENTS = YES;
				CLANG_WARN_EMPTY_BODY = YES;
				CLANG_WARN_ENUM_CONVERSION = YES;
				CLANG_WARN_INFINITE_RECURSION = YES;
				CLANG_WARN_INT_CONVERSION = YES;
				CLANG_WARN_NON_LITERAL_NULL_CONVERSION = YES;
				CLANG_WARN_OBJC_IMPLICIT_RETAIN_SELF = YES;
				CLANG_WARN_OBJC_LITERAL_CONVERSION = YES;
				CLANG_WARN_OBJC_ROOT_CLASS = YES_ERROR;
				CLANG_WARN_RANGE_LOOP_ANALYSIS = YES;
				CLANG_WARN_STRICT_PROTOTYPES = YES;
				CLANG_WARN_SUSPICIOUS_MOVE = YES;
				CLANG_WARN_UNGUARDED_AVAILABILITY = YES_AGGRESSIVE;
				CLANG_WARN_UNREACHABLE_CODE = YES;
				CLANG_WARN__DUPLICATE_METHOD_MATCH = YES;
				CODE_SIGN_IDENTITY = "iPhone Developer";
				COPY_PHASE_STRIP = NO;
				DEBUG_INFORMATION_FORMAT = "dwarf-with-dsym";
				ENABLE_NS_ASSERTIONS = NO;
				ENABLE_STRICT_OBJC_MSGSEND = YES;
				GCC_C_LANGUAGE_STANDARD = gnu11;
				GCC_NO_COMMON_BLOCKS = YES;
				GCC_WARN_64_TO_32_BIT_CONVERSION = YES;
				GCC_WARN_ABOUT_RETURN_TYPE = YES_ERROR;
				GCC_WARN_UNDECLARED_SELECTOR = YES;
				GCC_WARN_UNINITIALIZED_AUTOS = YES_AGGRESSIVE;
				GCC_WARN_UNUSED_FUNCTION = YES;
				GCC_WARN_UNUSED_VARIABLE = YES;
				IPHONEOS_DEPLOYMENT_TARGET = 12.2;
				MTL_ENABLE_DEBUG_INFO = NO;
				MTL_FAST_MATH = YES;
				SDKROOT = iphoneos;
				SWIFT_COMPILATION_MODE = wholemodule;
				SWIFT_OPTIMIZATION_LEVEL = "-O";
				VALIDATE_PRODUCT = YES;
			};
			name = Release;
		};
		78C3BD1A2275AEBC004CBC3E /* Debug */ = {
			isa = XCBuildConfiguration;
			baseConfigurationReference = 1DF104EEE61828A09F455877 /* Pods-RealmTasksTutorial.debug.xcconfig */;
			buildSettings = {
				ASSETCATALOG_COMPILER_APPICON_NAME = AppIcon;
				CODE_SIGN_ENTITLEMENTS = RealmTasksTutorial/RealmTasksTutorial.entitlements;
				CODE_SIGN_STYLE = Automatic;
				DEVELOPMENT_TEAM = BRK4T3NF8C;
				INFOPLIST_FILE = RealmTasksTutorial/Info.plist;
				LD_RUNPATH_SEARCH_PATHS = (
					"$(inherited)",
					"@executable_path/Frameworks",
				);
				PRODUCT_BUNDLE_IDENTIFIER = com.seohui.RealmTasksTutorial;
				PRODUCT_NAME = "$(TARGET_NAME)";
				SWIFT_VERSION = 4.2;
				TARGETED_DEVICE_FAMILY = "1,2";
			};
			name = Debug;
		};
		78C3BD1B2275AEBC004CBC3E /* Release */ = {
			isa = XCBuildConfiguration;
			baseConfigurationReference = CABD924F5EF7300B48812F1B /* Pods-RealmTasksTutorial.release.xcconfig */;
			buildSettings = {
				ASSETCATALOG_COMPILER_APPICON_NAME = AppIcon;
				CODE_SIGN_ENTITLEMENTS = RealmTasksTutorial/RealmTasksTutorial.entitlements;
				CODE_SIGN_STYLE = Automatic;
				DEVELOPMENT_TEAM = BRK4T3NF8C;
				INFOPLIST_FILE = RealmTasksTutorial/Info.plist;
				LD_RUNPATH_SEARCH_PATHS = (
					"$(inherited)",
					"@executable_path/Frameworks",
				);
				PRODUCT_BUNDLE_IDENTIFIER = com.seohui.RealmTasksTutorial;
				PRODUCT_NAME = "$(TARGET_NAME)";
				SWIFT_VERSION = 4.2;
				TARGETED_DEVICE_FAMILY = "1,2";
			};
			name = Release;
		};
		78C3BD1D2275AEBC004CBC3E /* Debug */ = {
			isa = XCBuildConfiguration;
			baseConfigurationReference = E401D03A847531AE122BA311 /* Pods-RealmTasksTutorialTests.debug.xcconfig */;
			buildSettings = {
				ALWAYS_EMBED_SWIFT_STANDARD_LIBRARIES = YES;
				BUNDLE_LOADER = "$(TEST_HOST)";
				CODE_SIGN_STYLE = Automatic;
				DEVELOPMENT_TEAM = BRK4T3NF8C;
				INFOPLIST_FILE = RealmTasksTutorialTests/Info.plist;
				LD_RUNPATH_SEARCH_PATHS = (
					"$(inherited)",
					"@executable_path/Frameworks",
					"@loader_path/Frameworks",
				);
				PRODUCT_BUNDLE_IDENTIFIER = com.seohui.RealmTasksTutorialTests;
				PRODUCT_NAME = "$(TARGET_NAME)";
				SWIFT_VERSION = 5.0;
				TARGETED_DEVICE_FAMILY = "1,2";
				TEST_HOST = "$(BUILT_PRODUCTS_DIR)/RealmTasksTutorial.app/RealmTasksTutorial";
			};
			name = Debug;
		};
		78C3BD1E2275AEBC004CBC3E /* Release */ = {
			isa = XCBuildConfiguration;
			baseConfigurationReference = FFB2A5284EAEB0894E4F6A79 /* Pods-RealmTasksTutorialTests.release.xcconfig */;
			buildSettings = {
				ALWAYS_EMBED_SWIFT_STANDARD_LIBRARIES = YES;
				BUNDLE_LOADER = "$(TEST_HOST)";
				CODE_SIGN_STYLE = Automatic;
				DEVELOPMENT_TEAM = BRK4T3NF8C;
				INFOPLIST_FILE = RealmTasksTutorialTests/Info.plist;
				LD_RUNPATH_SEARCH_PATHS = (
					"$(inherited)",
					"@executable_path/Frameworks",
					"@loader_path/Frameworks",
				);
				PRODUCT_BUNDLE_IDENTIFIER = com.seohui.RealmTasksTutorialTests;
				PRODUCT_NAME = "$(TARGET_NAME)";
				SWIFT_VERSION = 5.0;
				TARGETED_DEVICE_FAMILY = "1,2";
				TEST_HOST = "$(BUILT_PRODUCTS_DIR)/RealmTasksTutorial.app/RealmTasksTutorial";
			};
			name = Release;
		};
/* End XCBuildConfiguration section */

/* Begin XCConfigurationList section */
		78C3BCF72275AEBB004CBC3E /* Build configuration list for PBXProject "RealmTasksTutorial" */ = {
			isa = XCConfigurationList;
			buildConfigurations = (
				78C3BD172275AEBC004CBC3E /* Debug */,
				78C3BD182275AEBC004CBC3E /* Release */,
			);
			defaultConfigurationIsVisible = 0;
			defaultConfigurationName = Release;
		};
		78C3BD192275AEBC004CBC3E /* Build configuration list for PBXNativeTarget "RealmTasksTutorial" */ = {
			isa = XCConfigurationList;
			buildConfigurations = (
				78C3BD1A2275AEBC004CBC3E /* Debug */,
				78C3BD1B2275AEBC004CBC3E /* Release */,
			);
			defaultConfigurationIsVisible = 0;
			defaultConfigurationName = Release;
		};
		78C3BD1C2275AEBC004CBC3E /* Build configuration list for PBXNativeTarget "RealmTasksTutorialTests" */ = {
			isa = XCConfigurationList;
			buildConfigurations = (
				78C3BD1D2275AEBC004CBC3E /* Debug */,
				78C3BD1E2275AEBC004CBC3E /* Release */,
			);
			defaultConfigurationIsVisible = 0;
			defaultConfigurationName = Release;
		};
/* End XCConfigurationList section */
	};
	rootObject = 78C3BCF42275AEBB004CBC3E /* Project object */;
}
